
Microsoft Visual Studio Solution File, Format Version 12.00
# Visual Studio Version 17
VisualStudioVersion = 17.9.34728.123
MinimumVisualStudioVersion = 10.0.40219.1
Project("{FAE04EC0-301F-11D3-BF4B-00C04F79EFBC}") = "net-ef-videogame", "net-ef-videogame\net-ef-videogame.csproj", "{310937C9-4C02-4BC1-9D81-7FEEEA9BB27B}"
EndProject
Global
	GlobalSection(SolutionConfigurationPlatforms) = preSolution
		Debug|Any CPU = Debug|Any CPU
		Release|Any CPU = Release|Any CPU
	EndGlobalSection
	GlobalSection(ProjectConfigurationPlatforms) = postSolution
		{310937C9-4C02-4BC1-9D81-7FEEEA9BB27B}.Debug|Any CPU.ActiveCfg = Debug|Any CPU
		{310937C9-4C02-4BC1-9D81-7FEEEA9BB27B}.Debug|Any CPU.Build.0 = Debug|Any CPU
		{310937C9-4C02-4BC1-9D81-7FEEEA9BB27B}.Release|Any CPU.ActiveCfg = Release|Any CPU
		{310937C9-4C02-4BC1-9D81-7FEEEA9BB27B}.Release|Any CPU.Build.0 = Release|Any CPU
	EndGlobalSection
	GlobalSection(SolutionProperties) = preSolution
		HideSolutionNode = FALSE
	EndGlobalSection
	GlobalSection(ExtensibilityGlobals) = postSolution
		SolutionGuid = {6EEB03B8-481D-45FD-B9C8-DB4CE567B897}
	EndGlobalSection
EndGlobal
